
Microsoft Visual Studio Solution File, Format Version 12.00
# Visual Studio 15
VisualStudioVersion = 15.0.27130.2036
MinimumVisualStudioVersion = 10.0.40219.1
Project("{FAE04EC0-301F-11D3-BF4B-00C04F79EFBC}") = "SignalRChat", "SignalRChat\SignalRChat.csproj", "{F20DE746-5839-4FAB-8DAA-535719E40CF3}"
EndProject
Project("{FAE04EC0-301F-11D3-BF4B-00C04F79EFBC}") = "SignalRChat_Common", "SignalRChat_Common\SignalRChat_Common.csproj", "{D305A3EC-96AD-415E-998B-789097686C08}"
EndProject
Project("{FAE04EC0-301F-11D3-BF4B-00C04F79EFBC}") = "SignalRChat_Model", "SignalRChat_Model\SignalRChat_Model.csproj", "{469F9301-044C-443F-9CBD-9F63AD9BE807}"
EndProject
Global
	GlobalSection(SolutionConfigurationPlatforms) = preSolution
		Debug|Any CPU = Debug|Any CPU
		Release|Any CPU = Release|Any CPU
	EndGlobalSection
	GlobalSection(ProjectConfigurationPlatforms) = postSolution
		{F20DE746-5839-4FAB-8DAA-535719E40CF3}.Debug|Any CPU.ActiveCfg = Debug|Any CPU
		{F20DE746-5839-4FAB-8DAA-535719E40CF3}.Debug|Any CPU.Build.0 = Debug|Any CPU
		{F20DE746-5839-4FAB-8DAA-535719E40CF3}.Release|Any CPU.ActiveCfg = Release|Any CPU
		{F20DE746-5839-4FAB-8DAA-535719E40CF3}.Release|Any CPU.Build.0 = Release|Any CPU
		{D305A3EC-96AD-415E-998B-789097686C08}.Debug|Any CPU.ActiveCfg = Debug|Any CPU
		{D305A3EC-96AD-415E-998B-789097686C08}.Debug|Any CPU.Build.0 = Debug|Any CPU
		{D305A3EC-96AD-415E-998B-789097686C08}.Release|Any CPU.ActiveCfg = Release|Any CPU
		{D305A3EC-96AD-415E-998B-789097686C08}.Release|Any CPU.Build.0 = Release|Any CPU
		{469F9301-044C-443F-9CBD-9F63AD9BE807}.Debug|Any CPU.ActiveCfg = Debug|Any CPU
		{469F9301-044C-443F-9CBD-9F63AD9BE807}.Debug|Any CPU.Build.0 = Debug|Any CPU
		{469F9301-044C-443F-9CBD-9F63AD9BE807}.Release|Any CPU.ActiveCfg = Release|Any CPU
		{469F9301-044C-443F-9CBD-9F63AD9BE807}.Release|Any CPU.Build.0 = Release|Any CPU
	EndGlobalSection
	GlobalSection(SolutionProperties) = preSolution
		HideSolutionNode = FALSE
	EndGlobalSection
	GlobalSection(ExtensibilityGlobals) = postSolution
		SolutionGuid = {E399618E-5FF6-4B16-B9AC-4C0204085160}
	EndGlobalSection
EndGlobal
